// !$*UTF8*$!
{
	archiveVersion = 1;
	classes = {
	};
	objectVersion = 56;
	objects = {

/* Begin PBXBuildFile section */
		3271B9F22D785EED00C59A58 /* SwiftUI_Essentials_HubApp.swift in Sources */ = {isa = PBXBuildFile; fileRef = 3271B9F12D785EED00C59A58 /* SwiftUI_Essentials_HubApp.swift */; };
		3271B9F42D785EED00C59A58 /* ContentView.swift in Sources */ = {isa = PBXBuildFile; fileRef = 3271B9F32D785EED00C59A58 /* ContentView.swift */; };
		3271B9F62D785EEF00C59A58 /* Assets.xcassets in Resources */ = {isa = PBXBuildFile; fileRef = 3271B9F52D785EEF00C59A58 /* Assets.xcassets */; };
		3271B9F92D785EEF00C59A58 /* Preview Assets.xcassets in Resources */ = {isa = PBXBuildFile; fileRef = 3271B9F82D785EEF00C59A58 /* Preview Assets.xcassets */; };
		32B383E52DED91C400961D25 /* SwiftUIColors.swift in Sources */ = {isa = PBXBuildFile; fileRef = 32B383E42DED91C400961D25 /* SwiftUIColors.swift */; };
		32B383E72DEDB2CC00961D25 /* SwiftUIGradientColor.swift in Sources */ = {isa = PBXBuildFile; fileRef = 32B383E62DEDB2CC00961D25 /* SwiftUIGradientColor.swift */; };
		32B383E92DEDBC1100961D25 /* SwiftUIImage.swift in Sources */ = {isa = PBXBuildFile; fileRef = 32B383E82DEDBC1100961D25 /* SwiftUIImage.swift */; };
		32B383EB2DEDDA8B00961D25 /* SwiftUIAsyncImage.swift in Sources */ = {isa = PBXBuildFile; fileRef = 32B383EA2DEDDA8B00961D25 /* SwiftUIAsyncImage.swift */; };
		32B383ED2DF5295200961D25 /* SwiftUIStack.swift in Sources */ = {isa = PBXBuildFile; fileRef = 32B383EC2DF5295200961D25 /* SwiftUIStack.swift */; };
		32B383EF2DF5380400961D25 /* SwiftUIOverLay.swift in Sources */ = {isa = PBXBuildFile; fileRef = 32B383EE2DF5380400961D25 /* SwiftUIOverLay.swift */; };
		32E4E6922DE73CE400E16DFE /* SwiftUIEllipse& Rectangle.swift in Sources */ = {isa = PBXBuildFile; fileRef = 32E4E6912DE73CE400E16DFE /* SwiftUIEllipse& Rectangle.swift */; };
		32EB84862D7EF89600653756 /* SwiftUIText.swift in Sources */ = {isa = PBXBuildFile; fileRef = 32EB84852D7EF89600653756 /* SwiftUIText.swift */; };
		32EB84882D7F1E7900653756 /* SwiftUICircle.swift in Sources */ = {isa = PBXBuildFile; fileRef = 32EB84872D7F1E7900653756 /* SwiftUICircle.swift */; };
/* End PBXBuildFile section */

/* Begin PBXFileReference section */
		3271B9EE2D785EED00C59A58 /* SwiftUI Essentials Hub.app */ = {isa = PBXFileReference; explicitFileType = wrapper.application; includeInIndex = 0; path = "SwiftUI Essentials Hub.app"; sourceTree = BUILT_PRODUCTS_DIR; };
		3271B9F12D785EED00C59A58 /* SwiftUI_Essentials_HubApp.swift */ = {isa = PBXFileReference; lastKnownFileType = sourcecode.swift; path = SwiftUI_Essentials_HubApp.swift; sourceTree = "<group>"; };
		3271B9F32D785EED00C59A58 /* ContentView.swift */ = {isa = PBXFileReference; lastKnownFileType = sourcecode.swift; path = ContentView.swift; sourceTree = "<group>"; };
		3271B9F52D785EEF00C59A58 /* Assets.xcassets */ = {isa = PBXFileReference; lastKnownFileType = folder.assetcatalog; path = Assets.xcassets; sourceTree = "<group>"; };
		3271B9F82D785EEF00C59A58 /* Preview Assets.xcassets */ = {isa = PBXFileReference; lastKnownFileType = folder.assetcatalog; path = "Preview Assets.xcassets"; sourceTree = "<group>"; };
		32B383E42DED91C400961D25 /* SwiftUIColors.swift */ = {isa = PBXFileReference; lastKnownFileType = sourcecode.swift; path = SwiftUIColors.swift; sourceTree = "<group>"; };
		32B383E62DEDB2CC00961D25 /* SwiftUIGradientColor.swift */ = {isa = PBXFileReference; lastKnownFileType = sourcecode.swift; path = SwiftUIGradientColor.swift; sourceTree = "<group>"; };
		32B383E82DEDBC1100961D25 /* SwiftUIImage.swift */ = {isa = PBXFileReference; lastKnownFileType = sourcecode.swift; path = SwiftUIImage.swift; sourceTree = "<group>"; };
		32B383EA2DEDDA8B00961D25 /* SwiftUIAsyncImage.swift */ = {isa = PBXFileReference; lastKnownFileType = sourcecode.swift; path = SwiftUIAsyncImage.swift; sourceTree = "<group>"; };
		32B383EC2DF5295200961D25 /* SwiftUIStack.swift */ = {isa = PBXFileReference; lastKnownFileType = sourcecode.swift; path = SwiftUIStack.swift; sourceTree = "<group>"; };
		32B383EE2DF5380400961D25 /* SwiftUIOverLay.swift */ = {isa = PBXFileReference; lastKnownFileType = sourcecode.swift; path = SwiftUIOverLay.swift; sourceTree = "<group>"; };
		32E4E6912DE73CE400E16DFE /* SwiftUIEllipse& Rectangle.swift */ = {isa = PBXFileReference; lastKnownFileType = sourcecode.swift; path = "SwiftUIEllipse& Rectangle.swift"; sourceTree = "<group>"; };
		32EB84852D7EF89600653756 /* SwiftUIText.swift */ = {isa = PBXFileReference; lastKnownFileType = sourcecode.swift; path = SwiftUIText.swift; sourceTree = "<group>"; };
		32EB84872D7F1E7900653756 /* SwiftUICircle.swift */ = {isa = PBXFileReference; lastKnownFileType = sourcecode.swift; path = SwiftUICircle.swift; sourceTree = "<group>"; };
/* End PBXFileReference section */

/* Begin PBXFrameworksBuildPhase section */
		3271B9EB2D785EED00C59A58 /* Frameworks */ = {
			isa = PBXFrameworksBuildPhase;
			buildActionMask = 2147483647;
			files = (
			);
			runOnlyForDeploymentPostprocessing = 0;
		};
/* End PBXFrameworksBuildPhase section */

/* Begin PBXGroup section */
		3271B9E52D785EED00C59A58 = {
			isa = PBXGroup;
			children = (
				3271B9F02D785EED00C59A58 /* SwiftUI Essentials Hub */,
				3271B9EF2D785EED00C59A58 /* Products */,
			);
			sourceTree = "<group>";
		};
		3271B9EF2D785EED00C59A58 /* Products */ = {
			isa = PBXGroup;
			children = (
				3271B9EE2D785EED00C59A58 /* SwiftUI Essentials Hub.app */,
			);
			name = Products;
			sourceTree = "<group>";
		};
		3271B9F02D785EED00C59A58 /* SwiftUI Essentials Hub */ = {
			isa = PBXGroup;
			children = (
				3271B9F12D785EED00C59A58 /* SwiftUI_Essentials_HubApp.swift */,
				3271B9F32D785EED00C59A58 /* ContentView.swift */,
				32EB84852D7EF89600653756 /* SwiftUIText.swift */,
				32EB84872D7F1E7900653756 /* SwiftUICircle.swift */,
				32E4E6912DE73CE400E16DFE /* SwiftUIEllipse& Rectangle.swift */,
				32B383E42DED91C400961D25 /* SwiftUIColors.swift */,
				32B383E62DEDB2CC00961D25 /* SwiftUIGradientColor.swift */,
				32B383E82DEDBC1100961D25 /* SwiftUIImage.swift */,
				32B383EE2DF5380400961D25 /* SwiftUIOverLay.swift */,
				32B383EA2DEDDA8B00961D25 /* SwiftUIAsyncImage.swift */,
				32B383EC2DF5295200961D25 /* SwiftUIStack.swift */,
				3271B9F52D785EEF00C59A58 /* Assets.xcassets */,
				3271B9F72D785EEF00C59A58 /* Preview Content */,
			);
			path = "SwiftUI Essentials Hub";
			sourceTree = "<group>";
		};
		3271B9F72D785EEF00C59A58 /* Preview Content */ = {
			isa = PBXGroup;
			children = (
				3271B9F82D785EEF00C59A58 /* Preview Assets.xcassets */,
			);
			path = "Preview Content";
			sourceTree = "<group>";
		};
/* End PBXGroup section */

/* Begin PBXNativeTarget section */
		3271B9ED2D785EED00C59A58 /* SwiftUI Essentials Hub */ = {
			isa = PBXNativeTarget;
			buildConfigurationList = 3271B9FC2D785EEF00C59A58 /* Build configuration list for PBXNativeTarget "SwiftUI Essentials Hub" */;
			buildPhases = (
				3271B9EA2D785EED00C59A58 /* Sources */,
				3271B9EB2D785EED00C59A58 /* Frameworks */,
				3271B9EC2D785EED00C59A58 /* Resources */,
			);
			buildRules = (
			);
			dependencies = (
			);
			name = "SwiftUI Essentials Hub";
			productName = "SwiftUI Essentials Hub";
			productReference = 3271B9EE2D785EED00C59A58 /* SwiftUI Essentials Hub.app */;
			productType = "com.apple.product-type.application";
		};
/* End PBXNativeTarget section */

/* Begin PBXProject section */
		3271B9E62D785EED00C59A58 /* Project object */ = {
			isa = PBXProject;
			attributes = {
				BuildIndependentTargetsInParallel = 1;
				LastSwiftUpdateCheck = 1540;
				LastUpgradeCheck = 1540;
				TargetAttributes = {
					3271B9ED2D785EED00C59A58 = {
						CreatedOnToolsVersion = 15.4;
					};
				};
			};
			buildConfigurationList = 3271B9E92D785EED00C59A58 /* Build configuration list for PBXProject "SwiftUI Essentials Hub" */;
			compatibilityVersion = "Xcode 14.0";
			developmentRegion = en;
			hasScannedForEncodings = 0;
			knownRegions = (
				en,
				Base,
			);
			mainGroup = 3271B9E52D785EED00C59A58;
			productRefGroup = 3271B9EF2D785EED00C59A58 /* Products */;
			projectDirPath = "";
			projectRoot = "";
			targets = (
				3271B9ED2D785EED00C59A58 /* SwiftUI Essentials Hub */,
			);
		};
/* End PBXProject section */

/* Begin PBXResourcesBuildPhase section */
		3271B9EC2D785EED00C59A58 /* Resources */ = {
			isa = PBXResourcesBuildPhase;
			buildActionMask = 2147483647;
			files = (
				3271B9F92D785EEF00C59A58 /* Preview Assets.xcassets in Resources */,
				3271B9F62D785EEF00C59A58 /* Assets.xcassets in Resources */,
			);
			runOnlyForDeploymentPostprocessing = 0;
		};
/* End PBXResourcesBuildPhase section */

/* Begin PBXSourcesBuildPhase section */
		3271B9EA2D785EED00C59A58 /* Sources */ = {
			isa = PBXSourcesBuildPhase;
			buildActionMask = 2147483647;
			files = (
				3271B9F42D785EED00C59A58 /* ContentView.swift in Sources */,
				32EB84862D7EF89600653756 /* SwiftUIText.swift in Sources */,
				32E4E6922DE73CE400E16DFE /* SwiftUIEllipse& Rectangle.swift in Sources */,
				32B383E92DEDBC1100961D25 /* SwiftUIImage.swift in Sources */,
				32B383ED2DF5295200961D25 /* SwiftUIStack.swift in Sources */,
				32B383EF2DF5380400961D25 /* SwiftUIOverLay.swift in Sources */,
				3271B9F22D785EED00C59A58 /* SwiftUI_Essentials_HubApp.swift in Sources */,
				32B383EB2DEDDA8B00961D25 /* SwiftUIAsyncImage.swift in Sources */,
				32EB84882D7F1E7900653756 /* SwiftUICircle.swift in Sources */,
				32B383E72DEDB2CC00961D25 /* SwiftUIGradientColor.swift in Sources */,
				32B383E52DED91C400961D25 /* SwiftUIColors.swift in Sources */,
			);
			runOnlyForDeploymentPostprocessing = 0;
		};
/* End PBXSourcesBuildPhase section */

/* Begin XCBuildConfiguration section */
		3271B9FA2D785EEF00C59A58 /* Debug */ = {
			isa = XCBuildConfiguration;
			buildSettings = {
				ALWAYS_SEARCH_USER_PATHS = NO;
				ASSETCATALOG_COMPILER_GENERATE_SWIFT_ASSET_SYMBOL_EXTENSIONS = YES;
				CLANG_ANALYZER_NONNULL = YES;
				CLANG_ANALYZER_NUMBER_OBJECT_CONVERSION = YES_AGGRESSIVE;
				CLANG_CXX_LANGUAGE_STANDARD = "gnu++20";
				CLANG_ENABLE_MODULES = YES;
				CLANG_ENABLE_OBJC_ARC = YES;
				CLANG_ENABLE_OBJC_WEAK = YES;
				CLANG_WARN_BLOCK_CAPTURE_AUTORELEASING = YES;
				CLANG_WARN_BOOL_CONVERSION = YES;
				CLANG_WARN_COMMA = YES;
				CLANG_WARN_CONSTANT_CONVERSION = YES;
				CLANG_WARN_DEPRECATED_OBJC_IMPLEMENTATIONS = YES;
				CLANG_WARN_DIRECT_OBJC_ISA_USAGE = YES_ERROR;
				CLANG_WARN_DOCUMENTATION_COMMENTS = YES;
				CLANG_WARN_EMPTY_BODY = YES;
				CLANG_WARN_ENUM_CONVERSION = YES;
				CLANG_WARN_INFINITE_RECURSION = YES;
				CLANG_WARN_INT_CONVERSION = YES;
				CLANG_WARN_NON_LITERAL_NULL_CONVERSION = YES;
				CLANG_WARN_OBJC_IMPLICIT_RETAIN_SELF = YES;
				CLANG_WARN_OBJC_LITERAL_CONVERSION = YES;
				CLANG_WARN_OBJC_ROOT_CLASS = YES_ERROR;
				CLANG_WARN_QUOTED_INCLUDE_IN_FRAMEWORK_HEADER = YES;
				CLANG_WARN_RANGE_LOOP_ANALYSIS = YES;
				CLANG_WARN_STRICT_PROTOTYPES = YES;
				CLANG_WARN_SUSPICIOUS_MOVE = YES;
				CLANG_WARN_UNGUARDED_AVAILABILITY = YES_AGGRESSIVE;
				CLANG_WARN_UNREACHABLE_CODE = YES;
				CLANG_WARN__DUPLICATE_METHOD_MATCH = YES;
				COPY_PHASE_STRIP = NO;
				DEBUG_INFORMATION_FORMAT = dwarf;
				ENABLE_STRICT_OBJC_MSGSEND = YES;
				ENABLE_TESTABILITY = YES;
				ENABLE_USER_SCRIPT_SANDBOXING = YES;
				GCC_C_LANGUAGE_STANDARD = gnu17;
				GCC_DYNAMIC_NO_PIC = NO;
				GCC_NO_COMMON_BLOCKS = YES;
				GCC_OPTIMIZATION_LEVEL = 0;
				GCC_PREPROCESSOR_DEFINITIONS = (
					"DEBUG=1",
					"$(inherited)",
				);
				GCC_WARN_64_TO_32_BIT_CONVERSION = YES;
				GCC_WARN_ABOUT_RETURN_TYPE = YES_ERROR;
				GCC_WARN_UNDECLARED_SELECTOR = YES;
				GCC_WARN_UNINITIALIZED_AUTOS = YES_AGGRESSIVE;
				GCC_WARN_UNUSED_FUNCTION = YES;
				GCC_WARN_UNUSED_VARIABLE = YES;
				IPHONEOS_DEPLOYMENT_TARGET = 17.5;
				LOCALIZATION_PREFERS_STRING_CATALOGS = YES;
				MTL_ENABLE_DEBUG_INFO = INCLUDE_SOURCE;
				MTL_FAST_MATH = YES;
				ONLY_ACTIVE_ARCH = YES;
				SDKROOT = iphoneos;
				SWIFT_ACTIVE_COMPILATION_CONDITIONS = "DEBUG $(inherited)";
				SWIFT_OPTIMIZATION_LEVEL = "-Onone";
			};
			name = Debug;
		};
		3271B9FB2D785EEF00C59A58 /* Release */ = {
			isa = XCBuildConfiguration;
			buildSettings = {
				ALWAYS_SEARCH_USER_PATHS = NO;
				ASSETCATALOG_COMPILER_GENERATE_SWIFT_ASSET_SYMBOL_EXTENSIONS = YES;
				CLANG_ANALYZER_NONNULL = YES;
				CLANG_ANALYZER_NUMBER_OBJECT_CONVERSION = YES_AGGRESSIVE;
				CLANG_CXX_LANGUAGE_STANDARD = "gnu++20";
				CLANG_ENABLE_MODULES = YES;
				CLANG_ENABLE_OBJC_ARC = YES;
				CLANG_ENABLE_OBJC_WEAK = YES;
				CLANG_WARN_BLOCK_CAPTURE_AUTORELEASING = YES;
				CLANG_WARN_BOOL_CONVERSION = YES;
				CLANG_WARN_COMMA = YES;
				CLANG_WARN_CONSTANT_CONVERSION = YES;
				CLANG_WARN_DEPRECATED_OBJC_IMPLEMENTATIONS = YES;
				CLANG_WARN_DIRECT_OBJC_ISA_USAGE = YES_ERROR;
				CLANG_WARN_DOCUMENTATION_COMMENTS = YES;
				CLANG_WARN_EMPTY_BODY = YES;
				CLANG_WARN_ENUM_CONVERSION = YES;
				CLANG_WARN_INFINITE_RECURSION = YES;
				CLANG_WARN_INT_CONVERSION = YES;
				CLANG_WARN_NON_LITERAL_NULL_CONVERSION = YES;
				CLANG_WARN_OBJC_IMPLICIT_RETAIN_SELF = YES;
				CLANG_WARN_OBJC_LITERAL_CONVERSION = YES;
				CLANG_WARN_OBJC_ROOT_CLASS = YES_ERROR;
				CLANG_WARN_QUOTED_INCLUDE_IN_FRAMEWORK_HEADER = YES;
				CLANG_WARN_RANGE_LOOP_ANALYSIS = YES;
				CLANG_WARN_STRICT_PROTOTYPES = YES;
				CLANG_WARN_SUSPICIOUS_MOVE = YES;
				CLANG_WARN_UNGUARDED_AVAILABILITY = YES_AGGRESSIVE;
				CLANG_WARN_UNREACHABLE_CODE = YES;
				CLANG_WARN__DUPLICATE_METHOD_MATCH = YES;
				COPY_PHASE_STRIP = NO;
				DEBUG_INFORMATION_FORMAT = "dwarf-with-dsym";
				ENABLE_NS_ASSERTIONS = NO;
				ENABLE_STRICT_OBJC_MSGSEND = YES;
				ENABLE_USER_SCRIPT_SANDBOXING = YES;
				GCC_C_LANGUAGE_STANDARD = gnu17;
				GCC_NO_COMMON_BLOCKS = YES;
				GCC_WARN_64_TO_32_BIT_CONVERSION = YES;
				GCC_WARN_ABOUT_RETURN_TYPE = YES_ERROR;
				GCC_WARN_UNDECLARED_SELECTOR = YES;
				GCC_WARN_UNINITIALIZED_AUTOS = YES_AGGRESSIVE;
				GCC_WARN_UNUSED_FUNCTION = YES;
				GCC_WARN_UNUSED_VARIABLE = YES;
				IPHONEOS_DEPLOYMENT_TARGET = 17.5;
				LOCALIZATION_PREFERS_STRING_CATALOGS = YES;
				MTL_ENABLE_DEBUG_INFO = NO;
				MTL_FAST_MATH = YES;
				SDKROOT = iphoneos;
				SWIFT_COMPILATION_MODE = wholemodule;
				VALIDATE_PRODUCT = YES;
			};
			name = Release;
		};
		3271B9FD2D785EEF00C59A58 /* Debug */ = {
			isa = XCBuildConfiguration;
			buildSettings = {
				ASSETCATALOG_COMPILER_APPICON_NAME = AppIcon;
				ASSETCATALOG_COMPILER_GLOBAL_ACCENT_COLOR_NAME = AccentColor;
				CODE_SIGN_STYLE = Automatic;
				CURRENT_PROJECT_VERSION = 1;
				DEVELOPMENT_ASSET_PATHS = "\"SwiftUI Essentials Hub/Preview Content\"";
				DEVELOPMENT_TEAM = 4XDC5T9BRL;
				ENABLE_PREVIEWS = YES;
				GENERATE_INFOPLIST_FILE = YES;
				INFOPLIST_KEY_CFBundleDisplayName = SwiftUIHuB;
				INFOPLIST_KEY_UIApplicationSceneManifest_Generation = YES;
				INFOPLIST_KEY_UIApplicationSupportsIndirectInputEvents = YES;
				INFOPLIST_KEY_UILaunchScreen_Generation = YES;
				INFOPLIST_KEY_UISupportedInterfaceOrientations = UIInterfaceOrientationPortrait;
				INFOPLIST_KEY_UISupportedInterfaceOrientations_iPad = "UIInterfaceOrientationLandscapeLeft UIInterfaceOrientationLandscapeRight UIInterfaceOrientationPortrait UIInterfaceOrientationPortraitUpsideDown";
				IPHONEOS_DEPLOYMENT_TARGET = 17.1;
				LD_RUNPATH_SEARCH_PATHS = (
					"$(inherited)",
					"@executable_path/Frameworks",
				);
				MARKETING_VERSION = 1.0;
				PRODUCT_BUNDLE_IDENTIFIER = "nasserLamei.SwiftUI-Essentials-Hub";
				PRODUCT_NAME = "$(TARGET_NAME)";
				SUPPORTED_PLATFORMS = "iphoneos iphonesimulator";
				SUPPORTS_MACCATALYST = NO;
				SUPPORTS_MAC_DESIGNED_FOR_IPHONE_IPAD = NO;
				SUPPORTS_XR_DESIGNED_FOR_IPHONE_IPAD = NO;
				SWIFT_EMIT_LOC_STRINGS = YES;
				SWIFT_VERSION = 5.0;
				TARGETED_DEVICE_FAMILY = 1;
			};
			name = Debug;
		};
		3271B9FE2D785EEF00C59A58 /* Release */ = {
			isa = XCBuildConfiguration;
			buildSettings = {
				ASSETCATALOG_COMPILER_APPICON_NAME = AppIcon;
				ASSETCATALOG_COMPILER_GLOBAL_ACCENT_COLOR_NAME = AccentColor;
				CODE_SIGN_STYLE = Automatic;
				CURRENT_PROJECT_VERSION = 1;
				DEVELOPMENT_ASSET_PATHS = "\"SwiftUI Essentials Hub/Preview Content\"";
				DEVELOPMENT_TEAM = 4XDC5T9BRL;
				ENABLE_PREVIEWS = YES;
				GENERATE_INFOPLIST_FILE = YES;
				INFOPLIST_KEY_CFBundleDisplayName = SwiftUIHuB;
				INFOPLIST_KEY_UIApplicationSceneManifest_Generation = YES;
				INFOPLIST_KEY_UIApplicationSupportsIndirectInputEvents = YES;
				INFOPLIST_KEY_UILaunchScreen_Generation = YES;
				INFOPLIST_KEY_UISupportedInterfaceOrientations = UIInterfaceOrientationPortrait;
				INFOPLIST_KEY_UISupportedInterfaceOrientations_iPad = "UIInterfaceOrientationLandscapeLeft UIInterfaceOrientationLandscapeRight UIInterfaceOrientationPortrait UIInterfaceOrientationPortraitUpsideDown";
				IPHONEOS_DEPLOYMENT_TARGET = 17.1;
				LD_RUNPATH_SEARCH_PATHS = (
					"$(inherited)",
					"@executable_path/Frameworks",
				);
				MARKETING_VERSION = 1.0;
				PRODUCT_BUNDLE_IDENTIFIER = "nasserLamei.SwiftUI-Essentials-Hub";
				PRODUCT_NAME = "$(TARGET_NAME)";
				SUPPORTED_PLATFORMS = "iphoneos iphonesimulator";
				SUPPORTS_MACCATALYST = NO;
				SUPPORTS_MAC_DESIGNED_FOR_IPHONE_IPAD = NO;
				SUPPORTS_XR_DESIGNED_FOR_IPHONE_IPAD = NO;
				SWIFT_EMIT_LOC_STRINGS = YES;
				SWIFT_VERSION = 5.0;
				TARGETED_DEVICE_FAMILY = 1;
			};
			name = Release;
		};
/* End XCBuildConfiguration section */

/* Begin XCConfigurationList section */
		3271B9E92D785EED00C59A58 /* Build configuration list for PBXProject "SwiftUI Essentials Hub" */ = {
			isa = XCConfigurationList;
			buildConfigurations = (
				3271B9FA2D785EEF00C59A58 /* Debug */,
				3271B9FB2D785EEF00C59A58 /* Release */,
			);
			defaultConfigurationIsVisible = 0;
			defaultConfigurationName = Release;
		};
		3271B9FC2D785EEF00C59A58 /* Build configuration list for PBXNativeTarget "SwiftUI Essentials Hub" */ = {
			isa = XCConfigurationList;
			buildConfigurations = (
				3271B9FD2D785EEF00C59A58 /* Debug */,
				3271B9FE2D785EEF00C59A58 /* Release */,
			);
			defaultConfigurationIsVisible = 0;
			defaultConfigurationName = Release;
		};
/* End XCConfigurationList section */
	};
	rootObject = 3271B9E62D785EED00C59A58 /* Project object */;
}
